
Microsoft Visual Studio Solution File, Format Version 12.00
# Visual Studio Version 16
VisualStudioVersion = 16.0.30011.22
MinimumVisualStudioVersion = 10.0.40219.1
Project("{FAE04EC0-301F-11D3-BF4B-00C04F79EFBC}") = "MaerskOffline", "MaerskOffline\MaerskOffline.csproj", "{8F73966C-4D44-4E81-8BAE-A95676485925}"
EndProject
Project("{FAE04EC0-301F-11D3-BF4B-00C04F79EFBC}") = "BackgroundJob", "BackgroundJob\BackgroundJob.csproj", "{6DB3FE10-F5ED-4AF3-8F34-D54AA544ACC3}"
EndProject
Global
	GlobalSection(SolutionConfigurationPlatforms) = preSolution
		Debug|Any CPU = Debug|Any CPU
		Release|Any CPU = Release|Any CPU
	EndGlobalSection
	GlobalSection(ProjectConfigurationPlatforms) = postSolution
		{8F73966C-4D44-4E81-8BAE-A95676485925}.Debug|Any CPU.ActiveCfg = Debug|Any CPU
		{8F73966C-4D44-4E81-8BAE-A95676485925}.Debug|Any CPU.Build.0 = Debug|Any CPU
		{8F73966C-4D44-4E81-8BAE-A95676485925}.Release|Any CPU.ActiveCfg = Release|Any CPU
		{8F73966C-4D44-4E81-8BAE-A95676485925}.Release|Any CPU.Build.0 = Release|Any CPU
		{6DB3FE10-F5ED-4AF3-8F34-D54AA544ACC3}.Debug|Any CPU.ActiveCfg = Debug|Any CPU
		{6DB3FE10-F5ED-4AF3-8F34-D54AA544ACC3}.Debug|Any CPU.Build.0 = Debug|Any CPU
		{6DB3FE10-F5ED-4AF3-8F34-D54AA544ACC3}.Release|Any CPU.ActiveCfg = Release|Any CPU
		{6DB3FE10-F5ED-4AF3-8F34-D54AA544ACC3}.Release|Any CPU.Build.0 = Release|Any CPU
	EndGlobalSection
	GlobalSection(SolutionProperties) = preSolution
		HideSolutionNode = FALSE
	EndGlobalSection
	GlobalSection(ExtensibilityGlobals) = postSolution
		SolutionGuid = {0CB7A4F8-306E-44E5-892B-83E1A05ABD17}
	EndGlobalSection
EndGlobal
